{
  "name": "urlshort",
  "version": "1.0.0",
  "lockfileVersion": 2,
  "requires": true,
  "packages": {
    "": {
      "name": "urlshort",
      "version": "1.0.0",
      "license": "ISC",
      "dependencies": {
        "@aws-sdk/types": "^3.55.0",
        "@types/aws-lambda": "^8.10.93"
      },
      "devDependencies": {
        "@types/node": "^17.0.23"
      }
    },
    "node_modules/@aws-sdk/types": {
      "version": "3.55.0",
      "resolved": "https://registry.npmjs.org/@aws-sdk/types/-/types-3.55.0.tgz",
      "integrity": "sha512-wrDZjuy1CVAYxDCbm3bWQIKMGfNs7XXmG0eG4858Ixgqmq2avsIn5TORy8ynBxcXn9aekV/+tGEQ7BBSYzIVNQ==",
      "engines": {
        "node": ">= 12.0.0"
      }
    },
    "node_modules/@types/aws-lambda": {
      "version": "8.10.93",
      "resolved": "https://registry.npmjs.org/@types/aws-lambda/-/aws-lambda-8.10.93.tgz",
      "integrity": "sha512-Vsyi9ogDAY3REZDjYnXMRJJa62SDvxHXxJI5nGDQdZW058dDE+av/anynN2rLKbCKXDRNw3D/sQmqxVflZFi4A=="
    },
    "node_modules/@types/node": {
      "version": "17.0.23",
      "resolved": "https://registry.npmjs.org/@types/node/-/node-17.0.23.tgz",
      "integrity": "sha512-UxDxWn7dl97rKVeVS61vErvw086aCYhDLyvRQZ5Rk65rZKepaFdm53GeqXaKBuOhED4e9uWq34IC3TdSdJJ2Gw==",
      "dev": true
    }
  },
  "dependencies": {
    "@aws-sdk/types": {
      "version": "3.55.0",
      "resolved": "https://registry.npmjs.org/@aws-sdk/types/-/types-3.55.0.tgz",
      "integrity": "sha512-wrDZjuy1CVAYxDCbm3bWQIKMGfNs7XXmG0eG4858Ixgqmq2avsIn5TORy8ynBxcXn9aekV/+tGEQ7BBSYzIVNQ=="
    },
    "@types/aws-lambda": {
      "version": "8.10.93",
      "resolved": "https://registry.npmjs.org/@types/aws-lambda/-/aws-lambda-8.10.93.tgz",
      "integrity": "sha512-Vsyi9ogDAY3REZDjYnXMRJJa62SDvxHXxJI5nGDQdZW058dDE+av/anynN2rLKbCKXDRNw3D/sQmqxVflZFi4A=="
    },
    "@types/node": {
      "version": "17.0.23",
      "resolved": "https://registry.npmjs.org/@types/node/-/node-17.0.23.tgz",
      "integrity": "sha512-UxDxWn7dl97rKVeVS61vErvw086aCYhDLyvRQZ5Rk65rZKepaFdm53GeqXaKBuOhED4e9uWq34IC3TdSdJJ2Gw==",
      "dev": true
    }
  }
}
